
Microsoft Visual Studio Solution File, Format Version 12.00
# Visual Studio Version 17
VisualStudioVersion = 17.6.33723.286
MinimumVisualStudioVersion = 10.0.40219.1
Project("{FAE04EC0-301F-11D3-BF4B-00C04F79EFBC}") = "AWSFileUploader", "AWSFileUploader.csproj", "{49B0980A-3A20-4006-84AD-347D53C3B6CD}"
EndProject
Global
	GlobalSection(SolutionConfigurationPlatforms) = preSolution
		Debug|Any CPU = Debug|Any CPU
		Release|Any CPU = Release|Any CPU
	EndGlobalSection
	GlobalSection(ProjectConfigurationPlatforms) = postSolution
		{49B0980A-3A20-4006-84AD-347D53C3B6CD}.Debug|Any CPU.ActiveCfg = Debug|Any CPU
		{49B0980A-3A20-4006-84AD-347D53C3B6CD}.Debug|Any CPU.Build.0 = Debug|Any CPU
		{49B0980A-3A20-4006-84AD-347D53C3B6CD}.Release|Any CPU.ActiveCfg = Release|Any CPU
		{49B0980A-3A20-4006-84AD-347D53C3B6CD}.Release|Any CPU.Build.0 = Release|Any CPU
	EndGlobalSection
	GlobalSection(SolutionProperties) = preSolution
		HideSolutionNode = FALSE
	EndGlobalSection
	GlobalSection(ExtensibilityGlobals) = postSolution
		SolutionGuid = {88615AE5-31B6-4F8C-9F30-201EA5A756D1}
	EndGlobalSection
EndGlobal
